
Microsoft Visual Studio Solution File, Format Version 12.00
# Visual Studio Version 17
VisualStudioVersion = 17.9.34728.123
MinimumVisualStudioVersion = 10.0.40219.1
Project("{FAE04EC0-301F-11D3-BF4B-00C04F79EFBC}") = "Meliasoft", "Meliasoft\Meliasoft.csproj", "{0D5A0227-589B-4048-B999-25BAA93B3C5F}"
EndProject
Project("{FAE04EC0-301F-11D3-BF4B-00C04F79EFBC}") = "Meliasoft_Data", "Meliasoft.Data\Meliasoft_Data.csproj", "{BB2ED9CB-BA5B-4392-B6D7-496E83456D27}"
EndProject
Global
	GlobalSection(SolutionConfigurationPlatforms) = preSolution
		Debug|Any CPU = Debug|Any CPU
		Release|Any CPU = Release|Any CPU
	EndGlobalSection
	GlobalSection(ProjectConfigurationPlatforms) = postSolution
		{0D5A0227-589B-4048-B999-25BAA93B3C5F}.Debug|Any CPU.ActiveCfg = Debug|Any CPU
		{0D5A0227-589B-4048-B999-25BAA93B3C5F}.Debug|Any CPU.Build.0 = Debug|Any CPU
		{0D5A0227-589B-4048-B999-25BAA93B3C5F}.Release|Any CPU.ActiveCfg = Release|Any CPU
		{0D5A0227-589B-4048-B999-25BAA93B3C5F}.Release|Any CPU.Build.0 = Release|Any CPU
		{BB2ED9CB-BA5B-4392-B6D7-496E83456D27}.Debug|Any CPU.ActiveCfg = Debug|Any CPU
		{BB2ED9CB-BA5B-4392-B6D7-496E83456D27}.Debug|Any CPU.Build.0 = Debug|Any CPU
		{BB2ED9CB-BA5B-4392-B6D7-496E83456D27}.Release|Any CPU.ActiveCfg = Release|Any CPU
		{BB2ED9CB-BA5B-4392-B6D7-496E83456D27}.Release|Any CPU.Build.0 = Release|Any CPU
	EndGlobalSection
	GlobalSection(SolutionProperties) = preSolution
		HideSolutionNode = FALSE
	EndGlobalSection
	GlobalSection(ExtensibilityGlobals) = postSolution
		SolutionGuid = {0421EAFA-24DF-488E-BD76-4650C9B19719}
	EndGlobalSection
EndGlobal
